// !$*UTF8*$!
{
	archiveVersion = 1;
	classes = {
	};
	objectVersion = 46;
	objects = {

/* Begin PBXBuildFile section */
		434662131EF97591002E1BAB /* AppDelegate.swift in Sources */ = {isa = PBXBuildFile; fileRef = 434662121EF97591002E1BAB /* AppDelegate.swift */; };
		434662151EF97591002E1BAB /* RecordSoundsViewController.swift in Sources */ = {isa = PBXBuildFile; fileRef = 434662141EF97591002E1BAB /* RecordSoundsViewController.swift */; };
		4346621A1EF97591002E1BAB /* Assets.xcassets in Resources */ = {isa = PBXBuildFile; fileRef = 434662191EF97591002E1BAB /* Assets.xcassets */; };
		4346621D1EF97591002E1BAB /* LaunchScreen.storyboard in Resources */ = {isa = PBXBuildFile; fileRef = 4346621B1EF97591002E1BAB /* LaunchScreen.storyboard */; };
		434662251EF99FBF002E1BAB /* PlaySoundsViewController.swift in Sources */ = {isa = PBXBuildFile; fileRef = 434662241EF99FBF002E1BAB /* PlaySoundsViewController.swift */; };
		434662271EF9CAD8002E1BAB /* PlaySoundsViewController+Audio.swift in Sources */ = {isa = PBXBuildFile; fileRef = 434662261EF9CAD8002E1BAB /* PlaySoundsViewController+Audio.swift */; };
		43E346FF1EFAF44900E59DAE /* delegateHandling.swift in Sources */ = {isa = PBXBuildFile; fileRef = 43E346FE1EFAF44900E59DAE /* delegateHandling.swift */; };
		43E347201EFBA53600E59DAE /* Main.storyboard in Resources */ = {isa = PBXBuildFile; fileRef = 43E3471E1EFBA53600E59DAE /* Main.storyboard */; };
/* End PBXBuildFile section */

/* Begin PBXFileReference section */
		4346620F1EF97591002E1BAB /* Pitch Perfect.app */ = {isa = PBXFileReference; explicitFileType = wrapper.application; includeInIndex = 0; path = "Pitch Perfect.app"; sourceTree = BUILT_PRODUCTS_DIR; };
		434662121EF97591002E1BAB /* AppDelegate.swift */ = {isa = PBXFileReference; lastKnownFileType = sourcecode.swift; path = AppDelegate.swift; sourceTree = "<group>"; };
		434662141EF97591002E1BAB /* RecordSoundsViewController.swift */ = {isa = PBXFileReference; lastKnownFileType = sourcecode.swift; path = RecordSoundsViewController.swift; sourceTree = "<group>"; };
		434662191EF97591002E1BAB /* Assets.xcassets */ = {isa = PBXFileReference; lastKnownFileType = folder.assetcatalog; path = Assets.xcassets; sourceTree = "<group>"; };
		4346621C1EF97591002E1BAB /* Base */ = {isa = PBXFileReference; lastKnownFileType = file.storyboard; name = Base; path = Base.lproj/LaunchScreen.storyboard; sourceTree = "<group>"; };
		4346621E1EF97591002E1BAB /* Info.plist */ = {isa = PBXFileReference; lastKnownFileType = text.plist.xml; path = Info.plist; sourceTree = "<group>"; };
		434662241EF99FBF002E1BAB /* PlaySoundsViewController.swift */ = {isa = PBXFileReference; fileEncoding = 4; lastKnownFileType = sourcecode.swift; path = PlaySoundsViewController.swift; sourceTree = "<group>"; };
		434662261EF9CAD8002E1BAB /* PlaySoundsViewController+Audio.swift */ = {isa = PBXFileReference; fileEncoding = 4; lastKnownFileType = sourcecode.swift; path = "PlaySoundsViewController+Audio.swift"; sourceTree = "<group>"; };
		43E346FE1EFAF44900E59DAE /* delegateHandling.swift */ = {isa = PBXFileReference; fileEncoding = 4; lastKnownFileType = sourcecode.swift; path = delegateHandling.swift; sourceTree = "<group>"; };
		43E3471F1EFBA53600E59DAE /* Base */ = {isa = PBXFileReference; lastKnownFileType = file.storyboard; name = Base; path = Base.lproj/Main.storyboard; sourceTree = "<group>"; };
/* End PBXFileReference section */

/* Begin PBXFrameworksBuildPhase section */
		4346620C1EF97591002E1BAB /* Frameworks */ = {
			isa = PBXFrameworksBuildPhase;
			buildActionMask = 2147483647;
			files = (
			);
			runOnlyForDeploymentPostprocessing = 0;
		};
/* End PBXFrameworksBuildPhase section */

/* Begin PBXGroup section */
		434662061EF97591002E1BAB = {
			isa = PBXGroup;
			children = (
				434662111EF97591002E1BAB /* Pitch Perfect */,
				434662101EF97591002E1BAB /* Products */,
			);
			sourceTree = "<group>";
		};
		434662101EF97591002E1BAB /* Products */ = {
			isa = PBXGroup;
			children = (
				4346620F1EF97591002E1BAB /* Pitch Perfect.app */,
			);
			name = Products;
			sourceTree = "<group>";
		};
		434662111EF97591002E1BAB /* Pitch Perfect */ = {
			isa = PBXGroup;
			children = (
				434662121EF97591002E1BAB /* AppDelegate.swift */,
				434662141EF97591002E1BAB /* RecordSoundsViewController.swift */,
				43E346FE1EFAF44900E59DAE /* delegateHandling.swift */,
				434662261EF9CAD8002E1BAB /* PlaySoundsViewController+Audio.swift */,
				43E3471E1EFBA53600E59DAE /* Main.storyboard */,
				434662241EF99FBF002E1BAB /* PlaySoundsViewController.swift */,
				434662191EF97591002E1BAB /* Assets.xcassets */,
				4346621B1EF97591002E1BAB /* LaunchScreen.storyboard */,
				4346621E1EF97591002E1BAB /* Info.plist */,
			);
			path = "Pitch Perfect";
			sourceTree = "<group>";
		};
/* End PBXGroup section */

/* Begin PBXNativeTarget section */
		4346620E1EF97591002E1BAB /* Pitch Perfect */ = {
			isa = PBXNativeTarget;
			buildConfigurationList = 434662211EF97591002E1BAB /* Build configuration list for PBXNativeTarget "Pitch Perfect" */;
			buildPhases = (
				4346620B1EF97591002E1BAB /* Sources */,
				4346620C1EF97591002E1BAB /* Frameworks */,
				4346620D1EF97591002E1BAB /* Resources */,
			);
			buildRules = (
			);
			dependencies = (
			);
			name = "Pitch Perfect";
			productName = "Pitch Perfect";
			productReference = 4346620F1EF97591002E1BAB /* Pitch Perfect.app */;
			productType = "com.apple.product-type.application";
		};
/* End PBXNativeTarget section */

/* Begin PBXProject section */
		434662071EF97591002E1BAB /* Project object */ = {
			isa = PBXProject;
			attributes = {
				LastSwiftUpdateCheck = 0830;
				LastUpgradeCheck = 0830;
				ORGANIZATIONNAME = "Mihir Thanekar";
				TargetAttributes = {
					4346620E1EF97591002E1BAB = {
						CreatedOnToolsVersion = 8.3.3;
						DevelopmentTeam = J82X3YWF6V;
						ProvisioningStyle = Automatic;
					};
				};
			};
			buildConfigurationList = 4346620A1EF97591002E1BAB /* Build configuration list for PBXProject "Pitch Perfect" */;
			compatibilityVersion = "Xcode 3.2";
			developmentRegion = English;
			hasScannedForEncodings = 0;
			knownRegions = (
				en,
				Base,
			);
			mainGroup = 434662061EF97591002E1BAB;
			productRefGroup = 434662101EF97591002E1BAB /* Products */;
			projectDirPath = "";
			projectRoot = "";
			targets = (
				4346620E1EF97591002E1BAB /* Pitch Perfect */,
			);
		};
/* End PBXProject section */

/* Begin PBXResourcesBuildPhase section */
		4346620D1EF97591002E1BAB /* Resources */ = {
			isa = PBXResourcesBuildPhase;
			buildActionMask = 2147483647;
			files = (
				43E347201EFBA53600E59DAE /* Main.storyboard in Resources */,
				4346621D1EF97591002E1BAB /* LaunchScreen.storyboard in Resources */,
				4346621A1EF97591002E1BAB /* Assets.xcassets in Resources */,
			);
			runOnlyForDeploymentPostprocessing = 0;
		};
/* End PBXResourcesBuildPhase section */

/* Begin PBXSourcesBuildPhase section */
		4346620B1EF97591002E1BAB /* Sources */ = {
			isa = PBXSourcesBuildPhase;
			buildActionMask = 2147483647;
			files = (
				434662151EF97591002E1BAB /* RecordSoundsViewController.swift in Sources */,
				434662271EF9CAD8002E1BAB /* PlaySoundsViewController+Audio.swift in Sources */,
				434662251EF99FBF002E1BAB /* PlaySoundsViewController.swift in Sources */,
				43E346FF1EFAF44900E59DAE /* delegateHandling.swift in Sources */,
				434662131EF97591002E1BAB /* AppDelegate.swift in Sources */,
			);
			runOnlyForDeploymentPostprocessing = 0;
		};
/* End PBXSourcesBuildPhase section */

/* Begin PBXVariantGroup section */
		4346621B1EF97591002E1BAB /* LaunchScreen.storyboard */ = {
			isa = PBXVariantGroup;
			children = (
				4346621C1EF97591002E1BAB /* Base */,
			);
			name = LaunchScreen.storyboard;
			sourceTree = "<group>";
		};
		43E3471E1EFBA53600E59DAE /* Main.storyboard */ = {
			isa = PBXVariantGroup;
			children = (
				43E3471F1EFBA53600E59DAE /* Base */,
			);
			name = Main.storyboard;
			sourceTree = "<group>";
		};
/* End PBXVariantGroup section */

/* Begin XCBuildConfiguration section */
		4346621F1EF97591002E1BAB /* Debug */ = {
			isa = XCBuildConfiguration;
			buildSettings = {
				ALWAYS_SEARCH_USER_PATHS = NO;
				CLANG_ANALYZER_NONNULL = YES;
				CLANG_ANALYZER_NUMBER_OBJECT_CONVERSION = YES_AGGRESSIVE;
				CLANG_CXX_LANGUAGE_STANDARD = "gnu++0x";
				CLANG_CXX_LIBRARY = "libc++";
				CLANG_ENABLE_MODULES = YES;
				CLANG_ENABLE_OBJC_ARC = YES;
				CLANG_WARN_BOOL_CONVERSION = YES;
				CLANG_WARN_CONSTANT_CONVERSION = YES;
				CLANG_WARN_DIRECT_OBJC_ISA_USAGE = YES_ERROR;
				CLANG_WARN_DOCUMENTATION_COMMENTS = YES;
				CLANG_WARN_EMPTY_BODY = YES;
				CLANG_WARN_ENUM_CONVERSION = YES;
				CLANG_WARN_INFINITE_RECURSION = YES;
				CLANG_WARN_INT_CONVERSION = YES;
				CLANG_WARN_OBJC_ROOT_CLASS = YES_ERROR;
				CLANG_WARN_SUSPICIOUS_MOVE = YES;
				CLANG_WARN_UNREACHABLE_CODE = YES;
				CLANG_WARN__DUPLICATE_METHOD_MATCH = YES;
				"CODE_SIGN_IDENTITY[sdk=iphoneos*]" = "iPhone Developer";
				COPY_PHASE_STRIP = NO;
				DEBUG_INFORMATION_FORMAT = dwarf;
				ENABLE_STRICT_OBJC_MSGSEND = YES;
				ENABLE_TESTABILITY = YES;
				GCC_C_LANGUAGE_STANDARD = gnu99;
				GCC_DYNAMIC_NO_PIC = NO;
				GCC_NO_COMMON_BLOCKS = YES;
				GCC_OPTIMIZATION_LEVEL = 0;
				GCC_PREPROCESSOR_DEFINITIONS = (
					"DEBUG=1",
					"$(inherited)",
				);
				GCC_WARN_64_TO_32_BIT_CONVERSION = YES;
				GCC_WARN_ABOUT_RETURN_TYPE = YES_ERROR;
				GCC_WARN_UNDECLARED_SELECTOR = YES;
				GCC_WARN_UNINITIALIZED_AUTOS = YES_AGGRESSIVE;
				GCC_WARN_UNUSED_FUNCTION = YES;
				GCC_WARN_UNUSED_VARIABLE = YES;
				IPHONEOS_DEPLOYMENT_TARGET = 10.3;
				MTL_ENABLE_DEBUG_INFO = YES;
				ONLY_ACTIVE_ARCH = YES;
				SDKROOT = iphoneos;
				SWIFT_ACTIVE_COMPILATION_CONDITIONS = DEBUG;
				SWIFT_OPTIMIZATION_LEVEL = "-Onone";
				TARGETED_DEVICE_FAMILY = "1,2";
			};
			name = Debug;
		};
		434662201EF97591002E1BAB /* Release */ = {
			isa = XCBuildConfiguration;
			buildSettings = {
				ALWAYS_SEARCH_USER_PATHS = NO;
				CLANG_ANALYZER_NONNULL = YES;
				CLANG_ANALYZER_NUMBER_OBJECT_CONVERSION = YES_AGGRESSIVE;
				CLANG_CXX_LANGUAGE_STANDARD = "gnu++0x";
				CLANG_CXX_LIBRARY = "libc++";
				CLANG_ENABLE_MODULES = YES;
				CLANG_ENABLE_OBJC_ARC = YES;
				CLANG_WARN_BOOL_CONVERSION = YES;
				CLANG_WARN_CONSTANT_CONVERSION = YES;
				CLANG_WARN_DIRECT_OBJC_ISA_USAGE = YES_ERROR;
				CLANG_WARN_DOCUMENTATION_COMMENTS = YES;
				CLANG_WARN_EMPTY_BODY = YES;
				CLANG_WARN_ENUM_CONVERSION = YES;
				CLANG_WARN_INFINITE_RECURSION = YES;
				CLANG_WARN_INT_CONVERSION = YES;
				CLANG_WARN_OBJC_ROOT_CLASS = YES_ERROR;
				CLANG_WARN_SUSPICIOUS_MOVE = YES;
				CLANG_WARN_UNREACHABLE_CODE = YES;
				CLANG_WARN__DUPLICATE_METHOD_MATCH = YES;
				"CODE_SIGN_IDENTITY[sdk=iphoneos*]" = "iPhone Developer";
				COPY_PHASE_STRIP = NO;
				DEBUG_INFORMATION_FORMAT = "dwarf-with-dsym";
				ENABLE_NS_ASSERTIONS = NO;
				ENABLE_STRICT_OBJC_MSGSEND = YES;
				GCC_C_LANGUAGE_STANDARD = gnu99;
				GCC_NO_COMMON_BLOCKS = YES;
				GCC_WARN_64_TO_32_BIT_CONVERSION = YES;
				GCC_WARN_ABOUT_RETURN_TYPE = YES_ERROR;
				GCC_WARN_UNDECLARED_SELECTOR = YES;
				GCC_WARN_UNINITIALIZED_AUTOS = YES_AGGRESSIVE;
				GCC_WARN_UNUSED_FUNCTION = YES;
				GCC_WARN_UNUSED_VARIABLE = YES;
				IPHONEOS_DEPLOYMENT_TARGET = 10.3;
				MTL_ENABLE_DEBUG_INFO = NO;
				SDKROOT = iphoneos;
				SWIFT_OPTIMIZATION_LEVEL = "-Owholemodule";
				TARGETED_DEVICE_FAMILY = "1,2";
				VALIDATE_PRODUCT = YES;
			};
			name = Release;
		};
		434662221EF97591002E1BAB /* Debug */ = {
			isa = XCBuildConfiguration;
			buildSettings = {
				ASSETCATALOG_COMPILER_APPICON_NAME = AppIcon;
				DEVELOPMENT_TEAM = J82X3YWF6V;
				INFOPLIST_FILE = "Pitch Perfect/Info.plist";
				IPHONEOS_DEPLOYMENT_TARGET = 9.1;
				LD_RUNPATH_SEARCH_PATHS = "$(inherited) @executable_path/Frameworks";
				PRODUCT_BUNDLE_IDENTIFIER = "me.mihirthanekar.Pitch-Perfect";
				PRODUCT_NAME = "$(TARGET_NAME)";
				SWIFT_VERSION = 3.0;
			};
			name = Debug;
		};
		434662231EF97591002E1BAB /* Release */ = {
			isa = XCBuildConfiguration;
			buildSettings = {
				ASSETCATALOG_COMPILER_APPICON_NAME = AppIcon;
				DEVELOPMENT_TEAM = J82X3YWF6V;
				INFOPLIST_FILE = "Pitch Perfect/Info.plist";
				IPHONEOS_DEPLOYMENT_TARGET = 9.1;
				LD_RUNPATH_SEARCH_PATHS = "$(inherited) @executable_path/Frameworks";
				PRODUCT_BUNDLE_IDENTIFIER = "me.mihirthanekar.Pitch-Perfect";
				PRODUCT_NAME = "$(TARGET_NAME)";
				SWIFT_VERSION = 3.0;
			};
			name = Release;
		};
/* End XCBuildConfiguration section */

/* Begin XCConfigurationList section */
		4346620A1EF97591002E1BAB /* Build configuration list for PBXProject "Pitch Perfect" */ = {
			isa = XCConfigurationList;
			buildConfigurations = (
				4346621F1EF97591002E1BAB /* Debug */,
				434662201EF97591002E1BAB /* Release */,
			);
			defaultConfigurationIsVisible = 0;
			defaultConfigurationName = Release;
		};
		434662211EF97591002E1BAB /* Build configuration list for PBXNativeTarget "Pitch Perfect" */ = {
			isa = XCConfigurationList;
			buildConfigurations = (
				434662221EF97591002E1BAB /* Debug */,
				434662231EF97591002E1BAB /* Release */,
			);
			defaultConfigurationIsVisible = 0;
			defaultConfigurationName = Release;
		};
/* End XCConfigurationList section */
	};
	rootObject = 434662071EF97591002E1BAB /* Project object */;
}
